// !$*UTF8*$!
{
	archiveVersion = 1;
	classes = {
	};
	objectVersion = 51;
	objects = {

/* Begin PBXBuildFile section */
		3A8550BA22E9C16D0003C584 /* TimerSettingViewController.swift in Sources */ = {isa = PBXBuildFile; fileRef = 3A8550B922E9C16D0003C584 /* TimerSettingViewController.swift */; };
		3A8550BC22E9C1A40003C584 /* MeasuringToolViewController.swift in Sources */ = {isa = PBXBuildFile; fileRef = 3A8550BB22E9C1A40003C584 /* MeasuringToolViewController.swift */; };
		3A8550BE22E9C1B10003C584 /* SettingViewController.swift in Sources */ = {isa = PBXBuildFile; fileRef = 3A8550BD22E9C1B10003C584 /* SettingViewController.swift */; };
		3A8550C422EEF5F40003C584 /* CalculatorMeasuringTipViewController.swift in Sources */ = {isa = PBXBuildFile; fileRef = 3A8550C322EEF5F40003C584 /* CalculatorMeasuringTipViewController.swift */; };
		3A8550DA22F007650003C584 /* OnOffCell.swift in Sources */ = {isa = PBXBuildFile; fileRef = 3A8550D822F007640003C584 /* OnOffCell.swift */; };
		3A8550DB22F007650003C584 /* OnOffCell.xib in Resources */ = {isa = PBXBuildFile; fileRef = 3A8550D922F007640003C584 /* OnOffCell.xib */; };
		3A8550DE22F009450003C584 /* DeveloperContactCell.swift in Sources */ = {isa = PBXBuildFile; fileRef = 3A8550DC22F009450003C584 /* DeveloperContactCell.swift */; };
		3A8550DF22F009450003C584 /* DeveloperContactCell.xib in Resources */ = {isa = PBXBuildFile; fileRef = 3A8550DD22F009450003C584 /* DeveloperContactCell.xib */; };
		3A8550E522F00AF30003C584 /* SetToolForNewToolViewController.swift in Sources */ = {isa = PBXBuildFile; fileRef = 3A8550E022F00AF30003C584 /* SetToolForNewToolViewController.swift */; };
		3A8550E722F00AF30003C584 /* CompleteNewToolViewController.swift in Sources */ = {isa = PBXBuildFile; fileRef = 3A8550E222F00AF30003C584 /* CompleteNewToolViewController.swift */; };
		3A8550E822F00AF30003C584 /* SetNameForNewToolViewController.swift in Sources */ = {isa = PBXBuildFile; fileRef = 3A8550E322F00AF30003C584 /* SetNameForNewToolViewController.swift */; };
		3A8550E922F00AF30003C584 /* GetCountForNewToolViewController.swift in Sources */ = {isa = PBXBuildFile; fileRef = 3A8550E422F00AF30003C584 /* GetCountForNewToolViewController.swift */; };
		3A8550F122F00CFF0003C584 /* MeasuringToolTableViewCell.swift in Sources */ = {isa = PBXBuildFile; fileRef = 3A8550F022F00CFF0003C584 /* MeasuringToolTableViewCell.swift */; };
		3A8550F422F013B00003C584 /* SettingTitleCell.swift in Sources */ = {isa = PBXBuildFile; fileRef = 3A8550F222F013B00003C584 /* SettingTitleCell.swift */; };
		3A8550F522F013B00003C584 /* SettingTitleCell.xib in Resources */ = {isa = PBXBuildFile; fileRef = 3A8550F322F013B00003C584 /* SettingTitleCell.xib */; };
		3ABCE65622D9AE2B00F61E46 /* AppDelegate.swift in Sources */ = {isa = PBXBuildFile; fileRef = 3ABCE65522D9AE2B00F61E46 /* AppDelegate.swift */; };
		3ABCE65822D9AE2B00F61E46 /* CalculatorViewController.swift in Sources */ = {isa = PBXBuildFile; fileRef = 3ABCE65722D9AE2B00F61E46 /* CalculatorViewController.swift */; };
		3ABCE65B22D9AE2B00F61E46 /* Main.storyboard in Resources */ = {isa = PBXBuildFile; fileRef = 3ABCE65922D9AE2B00F61E46 /* Main.storyboard */; };
		3ABCE65D22D9AE2C00F61E46 /* Assets.xcassets in Resources */ = {isa = PBXBuildFile; fileRef = 3ABCE65C22D9AE2C00F61E46 /* Assets.xcassets */; };
		3ABCE66022D9AE2C00F61E46 /* LaunchScreen.storyboard in Resources */ = {isa = PBXBuildFile; fileRef = 3ABCE65E22D9AE2C00F61E46 /* LaunchScreen.storyboard */; };
		3AE9AA8322F529B700F09850 /* MeterialPickerView.swift in Sources */ = {isa = PBXBuildFile; fileRef = 3AE9AA8222F529B700F09850 /* MeterialPickerView.swift */; };
		3AE9AA8522F52A0A00F09850 /* MeterialPickerView.xib in Resources */ = {isa = PBXBuildFile; fileRef = 3AE9AA8422F52A0A00F09850 /* MeterialPickerView.xib */; };
		3AE9AA9622F5670100F09850 /* MeterialSearchView.swift in Sources */ = {isa = PBXBuildFile; fileRef = 3AE9AA9522F5670100F09850 /* MeterialSearchView.swift */; };
		3AE9AA9822F5676700F09850 /* MeterialSearchView.xib in Resources */ = {isa = PBXBuildFile; fileRef = 3AE9AA9722F5676700F09850 /* MeterialSearchView.xib */; };
		3AE9AA9B22F56DB200F09850 /* MeterialSearchResultCell.swift in Sources */ = {isa = PBXBuildFile; fileRef = 3AE9AA9922F56DB200F09850 /* MeterialSearchResultCell.swift */; };
		3AE9AA9C22F56DB200F09850 /* MeterialSearchResultCell.xib in Resources */ = {isa = PBXBuildFile; fileRef = 3AE9AA9A22F56DB200F09850 /* MeterialSearchResultCell.xib */; };
		3AE9AAA522F6D87A00F09850 /* SearchView.swift in Sources */ = {isa = PBXBuildFile; fileRef = 3AE9AAA422F6D87A00F09850 /* SearchView.swift */; };
		3AE9AAA722F6D9AB00F09850 /* PickerView.swift in Sources */ = {isa = PBXBuildFile; fileRef = 3AE9AAA622F6D9AB00F09850 /* PickerView.swift */; };
		3AE9AAAC22F6DE1200F09850 /* TimerModel.swift in Sources */ = {isa = PBXBuildFile; fileRef = 3AE9AAAB22F6DE1200F09850 /* TimerModel.swift */; };
		3AE9AAAE22F6E53B00F09850 /* CustomTextField.swift in Sources */ = {isa = PBXBuildFile; fileRef = 3AE9AAAD22F6E53B00F09850 /* CustomTextField.swift */; };
		3AE9AAB122F8611B00F09850 /* Colors.swift in Sources */ = {isa = PBXBuildFile; fileRef = 3AE9AAB022F8611B00F09850 /* Colors.swift */; };
		3AE9AAB322F98A4900F09850 /* CustomTextfieldManager.swift in Sources */ = {isa = PBXBuildFile; fileRef = 3AE9AAB222F98A4900F09850 /* CustomTextfieldManager.swift */; };
		3AE9AAB522FAC17900F09850 /* TimerProgressViewController.swift in Sources */ = {isa = PBXBuildFile; fileRef = 3AE9AAB422FAC17900F09850 /* TimerProgressViewController.swift */; };
		A3B6897522FC87CB002FB31D /* SwinjectStoryboard+Setup.swift in Sources */ = {isa = PBXBuildFile; fileRef = A3B6897422FC87CB002FB31D /* SwinjectStoryboard+Setup.swift */; };
		A3B6899222FFF8E4002FB31D /* MeasuringTool.swift in Sources */ = {isa = PBXBuildFile; fileRef = A3B6899122FFF8E4002FB31D /* MeasuringTool.swift */; };
		A3B6899422FFF908002FB31D /* MeasuringUnit.swift in Sources */ = {isa = PBXBuildFile; fileRef = A3B6899322FFF908002FB31D /* MeasuringUnit.swift */; };
		A3B6899622FFFA90002FB31D /* RMMeasuringUnit.swift in Sources */ = {isa = PBXBuildFile; fileRef = A3B6899522FFFA90002FB31D /* RMMeasuringUnit.swift */; };
		A3C5E79522DE36530098F520 /* .swiftlint.yml in Resources */ = {isa = PBXBuildFile; fileRef = A3C5E79422DE36530098F520 /* .swiftlint.yml */; };
		A3C7BACD22F30FC80067D632 /* NumericKeyboardCollectionViewCell.swift in Sources */ = {isa = PBXBuildFile; fileRef = A3C7BACB22F30FC80067D632 /* NumericKeyboardCollectionViewCell.swift */; };
		A3C7BACE22F30FC80067D632 /* NumericKeyboardCollectionViewCell.xib in Resources */ = {isa = PBXBuildFile; fileRef = A3C7BACC22F30FC80067D632 /* NumericKeyboardCollectionViewCell.xib */; };
		A3C7BAF022F58AFF0067D632 /* MeasuringToolManager.swift in Sources */ = {isa = PBXBuildFile; fileRef = A3C7BAEF22F58AFF0067D632 /* MeasuringToolManager.swift */; };
		A3C7BAF922F6DEE40067D632 /* RMMeausringTool.swift in Sources */ = {isa = PBXBuildFile; fileRef = A3C7BAF822F6DEE40067D632 /* RMMeausringTool.swift */; };
		A3C7BAFB22F6EA170067D632 /* RMMeasuringToolManager.swift in Sources */ = {isa = PBXBuildFile; fileRef = A3C7BAFA22F6EA170067D632 /* RMMeasuringToolManager.swift */; };
		BC10E39C39F4E1B94E1C1748 /* Pods_Amoogye.framework in Frameworks */ = {isa = PBXBuildFile; fileRef = 0E4964B64B9F236BE83C290B /* Pods_Amoogye.framework */; };
/* End PBXBuildFile section */

/* Begin PBXFileReference section */
		0E4964B64B9F236BE83C290B /* Pods_Amoogye.framework */ = {isa = PBXFileReference; explicitFileType = wrapper.framework; includeInIndex = 0; path = Pods_Amoogye.framework; sourceTree = BUILT_PRODUCTS_DIR; };
		3A8550B922E9C16D0003C584 /* TimerSettingViewController.swift */ = {isa = PBXFileReference; lastKnownFileType = sourcecode.swift; path = TimerSettingViewController.swift; sourceTree = "<group>"; };
		3A8550BB22E9C1A40003C584 /* MeasuringToolViewController.swift */ = {isa = PBXFileReference; lastKnownFileType = sourcecode.swift; path = MeasuringToolViewController.swift; sourceTree = "<group>"; };
		3A8550BD22E9C1B10003C584 /* SettingViewController.swift */ = {isa = PBXFileReference; lastKnownFileType = sourcecode.swift; path = SettingViewController.swift; sourceTree = "<group>"; };
		3A8550C322EEF5F40003C584 /* CalculatorMeasuringTipViewController.swift */ = {isa = PBXFileReference; fileEncoding = 4; lastKnownFileType = sourcecode.swift; path = CalculatorMeasuringTipViewController.swift; sourceTree = "<group>"; };
		3A8550D822F007640003C584 /* OnOffCell.swift */ = {isa = PBXFileReference; lastKnownFileType = sourcecode.swift; path = OnOffCell.swift; sourceTree = "<group>"; };
		3A8550D922F007640003C584 /* OnOffCell.xib */ = {isa = PBXFileReference; lastKnownFileType = file.xib; path = OnOffCell.xib; sourceTree = "<group>"; };
		3A8550DC22F009450003C584 /* DeveloperContactCell.swift */ = {isa = PBXFileReference; lastKnownFileType = sourcecode.swift; path = DeveloperContactCell.swift; sourceTree = "<group>"; };
		3A8550DD22F009450003C584 /* DeveloperContactCell.xib */ = {isa = PBXFileReference; lastKnownFileType = file.xib; path = DeveloperContactCell.xib; sourceTree = "<group>"; };
		3A8550E022F00AF30003C584 /* SetToolForNewToolViewController.swift */ = {isa = PBXFileReference; fileEncoding = 4; lastKnownFileType = sourcecode.swift; path = SetToolForNewToolViewController.swift; sourceTree = "<group>"; };
		3A8550E222F00AF30003C584 /* CompleteNewToolViewController.swift */ = {isa = PBXFileReference; fileEncoding = 4; lastKnownFileType = sourcecode.swift; path = CompleteNewToolViewController.swift; sourceTree = "<group>"; };
		3A8550E322F00AF30003C584 /* SetNameForNewToolViewController.swift */ = {isa = PBXFileReference; fileEncoding = 4; lastKnownFileType = sourcecode.swift; path = SetNameForNewToolViewController.swift; sourceTree = "<group>"; };
		3A8550E422F00AF30003C584 /* GetCountForNewToolViewController.swift */ = {isa = PBXFileReference; fileEncoding = 4; lastKnownFileType = sourcecode.swift; path = GetCountForNewToolViewController.swift; sourceTree = "<group>"; };
		3A8550F022F00CFF0003C584 /* MeasuringToolTableViewCell.swift */ = {isa = PBXFileReference; lastKnownFileType = sourcecode.swift; path = MeasuringToolTableViewCell.swift; sourceTree = "<group>"; };
		3A8550F222F013B00003C584 /* SettingTitleCell.swift */ = {isa = PBXFileReference; lastKnownFileType = sourcecode.swift; path = SettingTitleCell.swift; sourceTree = "<group>"; };
		3A8550F322F013B00003C584 /* SettingTitleCell.xib */ = {isa = PBXFileReference; lastKnownFileType = file.xib; path = SettingTitleCell.xib; sourceTree = "<group>"; };
		3ABCE65222D9AE2B00F61E46 /* Amoogye.app */ = {isa = PBXFileReference; explicitFileType = wrapper.application; includeInIndex = 0; path = Amoogye.app; sourceTree = BUILT_PRODUCTS_DIR; };
		3ABCE65522D9AE2B00F61E46 /* AppDelegate.swift */ = {isa = PBXFileReference; lastKnownFileType = sourcecode.swift; path = AppDelegate.swift; sourceTree = "<group>"; };
		3ABCE65722D9AE2B00F61E46 /* CalculatorViewController.swift */ = {isa = PBXFileReference; lastKnownFileType = sourcecode.swift; path = CalculatorViewController.swift; sourceTree = "<group>"; };
		3ABCE65A22D9AE2B00F61E46 /* Base */ = {isa = PBXFileReference; lastKnownFileType = file.storyboard; name = Base; path = Base.lproj/Main.storyboard; sourceTree = "<group>"; };
		3ABCE65C22D9AE2C00F61E46 /* Assets.xcassets */ = {isa = PBXFileReference; lastKnownFileType = folder.assetcatalog; path = Assets.xcassets; sourceTree = "<group>"; };
		3ABCE65F22D9AE2C00F61E46 /* Base */ = {isa = PBXFileReference; lastKnownFileType = file.storyboard; name = Base; path = Base.lproj/LaunchScreen.storyboard; sourceTree = "<group>"; };
		3ABCE66122D9AE2C00F61E46 /* Info.plist */ = {isa = PBXFileReference; lastKnownFileType = text.plist.xml; path = Info.plist; sourceTree = "<group>"; };
		3AE9AA8222F529B700F09850 /* MeterialPickerView.swift */ = {isa = PBXFileReference; lastKnownFileType = sourcecode.swift; path = MeterialPickerView.swift; sourceTree = "<group>"; };
		3AE9AA8422F52A0A00F09850 /* MeterialPickerView.xib */ = {isa = PBXFileReference; lastKnownFileType = file.xib; path = MeterialPickerView.xib; sourceTree = "<group>"; };
		3AE9AA9522F5670100F09850 /* MeterialSearchView.swift */ = {isa = PBXFileReference; lastKnownFileType = sourcecode.swift; path = MeterialSearchView.swift; sourceTree = "<group>"; };
		3AE9AA9722F5676700F09850 /* MeterialSearchView.xib */ = {isa = PBXFileReference; lastKnownFileType = file.xib; path = MeterialSearchView.xib; sourceTree = "<group>"; };
		3AE9AA9922F56DB200F09850 /* MeterialSearchResultCell.swift */ = {isa = PBXFileReference; lastKnownFileType = sourcecode.swift; path = MeterialSearchResultCell.swift; sourceTree = "<group>"; };
		3AE9AA9A22F56DB200F09850 /* MeterialSearchResultCell.xib */ = {isa = PBXFileReference; lastKnownFileType = file.xib; path = MeterialSearchResultCell.xib; sourceTree = "<group>"; };
		3AE9AAA422F6D87A00F09850 /* SearchView.swift */ = {isa = PBXFileReference; lastKnownFileType = sourcecode.swift; path = SearchView.swift; sourceTree = "<group>"; };
		3AE9AAA622F6D9AB00F09850 /* PickerView.swift */ = {isa = PBXFileReference; lastKnownFileType = sourcecode.swift; path = PickerView.swift; sourceTree = "<group>"; };
		3AE9AAAB22F6DE1200F09850 /* TimerModel.swift */ = {isa = PBXFileReference; lastKnownFileType = sourcecode.swift; path = TimerModel.swift; sourceTree = "<group>"; };
		3AE9AAAD22F6E53B00F09850 /* CustomTextField.swift */ = {isa = PBXFileReference; lastKnownFileType = sourcecode.swift; path = CustomTextField.swift; sourceTree = "<group>"; };
		3AE9AAB022F8611B00F09850 /* Colors.swift */ = {isa = PBXFileReference; lastKnownFileType = sourcecode.swift; path = Colors.swift; sourceTree = "<group>"; };
		3AE9AAB222F98A4900F09850 /* CustomTextfieldManager.swift */ = {isa = PBXFileReference; lastKnownFileType = sourcecode.swift; path = CustomTextfieldManager.swift; sourceTree = "<group>"; };
		3AE9AAB422FAC17900F09850 /* TimerProgressViewController.swift */ = {isa = PBXFileReference; lastKnownFileType = sourcecode.swift; path = TimerProgressViewController.swift; sourceTree = "<group>"; };
		5D0791F43C10572A5D0191EE /* Pods-Amoogye.release.xcconfig */ = {isa = PBXFileReference; includeInIndex = 1; lastKnownFileType = text.xcconfig; name = "Pods-Amoogye.release.xcconfig"; path = "Target Support Files/Pods-Amoogye/Pods-Amoogye.release.xcconfig"; sourceTree = "<group>"; };
		A3B6897422FC87CB002FB31D /* SwinjectStoryboard+Setup.swift */ = {isa = PBXFileReference; lastKnownFileType = sourcecode.swift; path = "SwinjectStoryboard+Setup.swift"; sourceTree = "<group>"; };
		A3B6899122FFF8E4002FB31D /* MeasuringTool.swift */ = {isa = PBXFileReference; lastKnownFileType = sourcecode.swift; path = MeasuringTool.swift; sourceTree = "<group>"; };
		A3B6899322FFF908002FB31D /* MeasuringUnit.swift */ = {isa = PBXFileReference; lastKnownFileType = sourcecode.swift; path = MeasuringUnit.swift; sourceTree = "<group>"; };
		A3B6899522FFFA90002FB31D /* RMMeasuringUnit.swift */ = {isa = PBXFileReference; lastKnownFileType = sourcecode.swift; path = RMMeasuringUnit.swift; sourceTree = "<group>"; };
		A3C5E79422DE36530098F520 /* .swiftlint.yml */ = {isa = PBXFileReference; lastKnownFileType = text; path = .swiftlint.yml; sourceTree = "<group>"; };
		A3C7BACB22F30FC80067D632 /* NumericKeyboardCollectionViewCell.swift */ = {isa = PBXFileReference; lastKnownFileType = sourcecode.swift; path = NumericKeyboardCollectionViewCell.swift; sourceTree = "<group>"; };
		A3C7BACC22F30FC80067D632 /* NumericKeyboardCollectionViewCell.xib */ = {isa = PBXFileReference; lastKnownFileType = file.xib; path = NumericKeyboardCollectionViewCell.xib; sourceTree = "<group>"; };
		A3C7BAEF22F58AFF0067D632 /* MeasuringToolManager.swift */ = {isa = PBXFileReference; lastKnownFileType = sourcecode.swift; path = MeasuringToolManager.swift; sourceTree = "<group>"; };
		A3C7BAF822F6DEE40067D632 /* RMMeausringTool.swift */ = {isa = PBXFileReference; lastKnownFileType = sourcecode.swift; path = RMMeausringTool.swift; sourceTree = "<group>"; };
		A3C7BAFA22F6EA170067D632 /* RMMeasuringToolManager.swift */ = {isa = PBXFileReference; lastKnownFileType = sourcecode.swift; path = RMMeasuringToolManager.swift; sourceTree = "<group>"; };
		FF1B1192416A93293D91C594 /* Pods-Amoogye.debug.xcconfig */ = {isa = PBXFileReference; includeInIndex = 1; lastKnownFileType = text.xcconfig; name = "Pods-Amoogye.debug.xcconfig"; path = "Target Support Files/Pods-Amoogye/Pods-Amoogye.debug.xcconfig"; sourceTree = "<group>"; };
/* End PBXFileReference section */

/* Begin PBXFrameworksBuildPhase section */
		3ABCE64F22D9AE2B00F61E46 /* Frameworks */ = {
			isa = PBXFrameworksBuildPhase;
			buildActionMask = 2147483647;
			files = (
				BC10E39C39F4E1B94E1C1748 /* Pods_Amoogye.framework in Frameworks */,
			);
			runOnlyForDeploymentPostprocessing = 0;
		};
/* End PBXFrameworksBuildPhase section */

/* Begin PBXGroup section */
		3A8550D722F007400003C584 /* Cells */ = {
			isa = PBXGroup;
			children = (
				3A8550D822F007640003C584 /* OnOffCell.swift */,
				3A8550D922F007640003C584 /* OnOffCell.xib */,
				3A8550DC22F009450003C584 /* DeveloperContactCell.swift */,
				3A8550DD22F009450003C584 /* DeveloperContactCell.xib */,
				3A8550F222F013B00003C584 /* SettingTitleCell.swift */,
				3A8550F322F013B00003C584 /* SettingTitleCell.xib */,
			);
			path = Cells;
			sourceTree = "<group>";
		};
		3A8550EF22F00BB70003C584 /* Cells */ = {
			isa = PBXGroup;
			children = (
				3A8550F022F00CFF0003C584 /* MeasuringToolTableViewCell.swift */,
			);
			path = Cells;
			sourceTree = "<group>";
		};
		3ABCE64922D9AE2B00F61E46 = {
			isa = PBXGroup;
			children = (
				A3C5E79422DE36530098F520 /* .swiftlint.yml */,
				3ABCE65422D9AE2B00F61E46 /* Amoogye */,
				AB0B4FB0A95D0551229D2DD4 /* Frameworks */,
				C300F2AB3069F3E6A8F95CF4 /* Pods */,
				3ABCE65322D9AE2B00F61E46 /* Products */,
			);
			sourceTree = "<group>";
		};
		3ABCE65322D9AE2B00F61E46 /* Products */ = {
			isa = PBXGroup;
			children = (
				3ABCE65222D9AE2B00F61E46 /* Amoogye.app */,
			);
			name = Products;
			sourceTree = "<group>";
		};
		3ABCE65422D9AE2B00F61E46 /* Amoogye */ = {
			isa = PBXGroup;
			children = (
				3ABCE65522D9AE2B00F61E46 /* AppDelegate.swift */,
				3ABCE65C22D9AE2C00F61E46 /* Assets.xcassets */,
				3ABCE66122D9AE2C00F61E46 /* Info.plist */,
				3ABCE65E22D9AE2C00F61E46 /* LaunchScreen.storyboard */,
				3ABCE65922D9AE2B00F61E46 /* Main.storyboard */,
				A3B6897422FC87CB002FB31D /* SwinjectStoryboard+Setup.swift */,
				A3C5E81E22EE19B00098F520 /* Common */,
				A3C7BABF22F300E30067D632 /* Calculator */,
				A3C7BAC022F300F10067D632 /* Timer */,
				A3C7BAC122F301010067D632 /* MeasuringTool */,
				A3C7BAC222F301270067D632 /* Setting */,
			);
			path = Amoogye;
			sourceTree = "<group>";
		};
		3AE9AA7C22F5223100F09850 /* MeterialPicker */ = {
			isa = PBXGroup;
			children = (
				3AE9AA8222F529B700F09850 /* MeterialPickerView.swift */,
				3AE9AA8422F52A0A00F09850 /* MeterialPickerView.xib */,
				3AE9AAA622F6D9AB00F09850 /* PickerView.swift */,
			);
			path = MeterialPicker;
			sourceTree = "<group>";
		};
		3AE9AA8822F5650200F09850 /* MeterialSearchView */ = {
			isa = PBXGroup;
			children = (
				3AE9AAA022F56DE600F09850 /* Cells */,
				3AE9AA9522F5670100F09850 /* MeterialSearchView.swift */,
				3AE9AA9722F5676700F09850 /* MeterialSearchView.xib */,
				3AE9AAA422F6D87A00F09850 /* SearchView.swift */,
			);
			path = MeterialSearchView;
			sourceTree = "<group>";
		};
		3AE9AAA022F56DE600F09850 /* Cells */ = {
			isa = PBXGroup;
			children = (
				3AE9AA9922F56DB200F09850 /* MeterialSearchResultCell.swift */,
				3AE9AA9A22F56DB200F09850 /* MeterialSearchResultCell.xib */,
			);
			path = Cells;
			sourceTree = "<group>";
		};
		3AE9AAAF22F6E54100F09850 /* TextFiledWithoutCursor */ = {
			isa = PBXGroup;
			children = (
				3AE9AAB022F8611B00F09850 /* Colors.swift */,
				3AE9AAAD22F6E53B00F09850 /* CustomTextField.swift */,
				3AE9AAB222F98A4900F09850 /* CustomTextfieldManager.swift */,
			);
			path = TextFiledWithoutCursor;
			sourceTree = "<group>";
		};
		A3B6899022FFF8D0002FB31D /* MeasuringTool */ = {
			isa = PBXGroup;
			children = (
				A3B6899322FFF908002FB31D /* MeasuringUnit.swift */,
				A3B6899122FFF8E4002FB31D /* MeasuringTool.swift */,
			);
			path = MeasuringTool;
			sourceTree = "<group>";
		};
		A3C5E81E22EE19B00098F520 /* Common */ = {
			isa = PBXGroup;
			children = (
				A3B6899022FFF8D0002FB31D /* MeasuringTool */,
				3AE9AAAF22F6E54100F09850 /* TextFiledWithoutCursor */,
				3AE9AA8822F5650200F09850 /* MeterialSearchView */,
				3AE9AA7C22F5223100F09850 /* MeterialPicker */,
				A3C7BAC322F30B390067D632 /* NumericKeyboard */,
				A3C7BAF722F6DED00067D632 /* Realm */,
			);
			path = Common;
			sourceTree = "<group>";
		};
		A3C7BABF22F300E30067D632 /* Calculator */ = {
			isa = PBXGroup;
			children = (
				3A8550C322EEF5F40003C584 /* CalculatorMeasuringTipViewController.swift */,
				3ABCE65722D9AE2B00F61E46 /* CalculatorViewController.swift */,
			);
			path = Calculator;
			sourceTree = "<group>";
		};
		A3C7BAC022F300F10067D632 /* Timer */ = {
			isa = PBXGroup;
			children = (
				3A8550B922E9C16D0003C584 /* TimerSettingViewController.swift */,
				3AE9AAB422FAC17900F09850 /* TimerProgressViewController.swift */,
				3AE9AAAB22F6DE1200F09850 /* TimerModel.swift */,
			);
			path = Timer;
			sourceTree = "<group>";
		};
		A3C7BAC122F301010067D632 /* MeasuringTool */ = {
			isa = PBXGroup;
			children = (
				3A8550EF22F00BB70003C584 /* Cells */,
				A3C7BAEF22F58AFF0067D632 /* MeasuringToolManager.swift */,
				3A8550BB22E9C1A40003C584 /* MeasuringToolViewController.swift */,
				3A8550E322F00AF30003C584 /* SetNameForNewToolViewController.swift */,
				3A8550E022F00AF30003C584 /* SetToolForNewToolViewController.swift */,
				3A8550E422F00AF30003C584 /* GetCountForNewToolViewController.swift */,
				3A8550E222F00AF30003C584 /* CompleteNewToolViewController.swift */,
			);
			path = MeasuringTool;
			sourceTree = "<group>";
		};
		A3C7BAC222F301270067D632 /* Setting */ = {
			isa = PBXGroup;
			children = (
				3A8550D722F007400003C584 /* Cells */,
				3A8550BD22E9C1B10003C584 /* SettingViewController.swift */,
			);
			path = Setting;
			sourceTree = "<group>";
		};
		A3C7BAC322F30B390067D632 /* NumericKeyboard */ = {
			isa = PBXGroup;
			children = (
				A3C7BAD622F363B30067D632 /* Cells */,
			);
			path = NumericKeyboard;
			sourceTree = "<group>";
		};
		A3C7BAD622F363B30067D632 /* Cells */ = {
			isa = PBXGroup;
			children = (
				A3C7BACB22F30FC80067D632 /* NumericKeyboardCollectionViewCell.swift */,
				A3C7BACC22F30FC80067D632 /* NumericKeyboardCollectionViewCell.xib */,
			);
			path = Cells;
			sourceTree = "<group>";
		};
		A3C7BAF722F6DED00067D632 /* Realm */ = {
			isa = PBXGroup;
			children = (
				A3B6899522FFFA90002FB31D /* RMMeasuringUnit.swift */,
				A3C7BAF822F6DEE40067D632 /* RMMeausringTool.swift */,
				A3C7BAFA22F6EA170067D632 /* RMMeasuringToolManager.swift */,
			);
			path = Realm;
			sourceTree = "<group>";
		};
		AB0B4FB0A95D0551229D2DD4 /* Frameworks */ = {
			isa = PBXGroup;
			children = (
				0E4964B64B9F236BE83C290B /* Pods_Amoogye.framework */,
			);
			name = Frameworks;
			sourceTree = "<group>";
		};
		C300F2AB3069F3E6A8F95CF4 /* Pods */ = {
			isa = PBXGroup;
			children = (
				FF1B1192416A93293D91C594 /* Pods-Amoogye.debug.xcconfig */,
				5D0791F43C10572A5D0191EE /* Pods-Amoogye.release.xcconfig */,
			);
			path = Pods;
			sourceTree = "<group>";
		};
/* End PBXGroup section */

/* Begin PBXNativeTarget section */
		3ABCE65122D9AE2B00F61E46 /* Amoogye */ = {
			isa = PBXNativeTarget;
			buildConfigurationList = 3ABCE66422D9AE2C00F61E46 /* Build configuration list for PBXNativeTarget "Amoogye" */;
			buildPhases = (
				65AD949102A485F2781D4498 /* [CP] Check Pods Manifest.lock */,
				3ABCE64E22D9AE2B00F61E46 /* Sources */,
				3ABCE64F22D9AE2B00F61E46 /* Frameworks */,
				3ABCE65022D9AE2B00F61E46 /* Resources */,
				A3C5E79322DE359D0098F520 /* ShellScript */,
				A37AE4E6EC6B0DB3FA5C4606 /* [CP] Embed Pods Frameworks */,
			);
			buildRules = (
			);
			dependencies = (
			);
			name = Amoogye;
			productName = Amoogye;
			productReference = 3ABCE65222D9AE2B00F61E46 /* Amoogye.app */;
			productType = "com.apple.product-type.application";
		};
/* End PBXNativeTarget section */

/* Begin PBXProject section */
		3ABCE64A22D9AE2B00F61E46 /* Project object */ = {
			isa = PBXProject;
			attributes = {
				LastSwiftUpdateCheck = 1020;
				LastUpgradeCheck = 1020;
				ORGANIZATIONNAME = KookKook;
				TargetAttributes = {
					3ABCE65122D9AE2B00F61E46 = {
						CreatedOnToolsVersion = 10.2.1;
						SystemCapabilities = {
							com.apple.BackgroundModes = {
								enabled = 1;
							};
						};
					};
				};
			};
			buildConfigurationList = 3ABCE64D22D9AE2B00F61E46 /* Build configuration list for PBXProject "Amoogye" */;
			compatibilityVersion = "Xcode 9.3";
			developmentRegion = en;
			hasScannedForEncodings = 0;
			knownRegions = (
				en,
				Base,
			);
			mainGroup = 3ABCE64922D9AE2B00F61E46;
			productRefGroup = 3ABCE65322D9AE2B00F61E46 /* Products */;
			projectDirPath = "";
			projectRoot = "";
			targets = (
				3ABCE65122D9AE2B00F61E46 /* Amoogye */,
			);
		};
/* End PBXProject section */

/* Begin PBXResourcesBuildPhase section */
		3ABCE65022D9AE2B00F61E46 /* Resources */ = {
			isa = PBXResourcesBuildPhase;
			buildActionMask = 2147483647;
			files = (
				3A8550DB22F007650003C584 /* OnOffCell.xib in Resources */,
				3AE9AA9822F5676700F09850 /* MeterialSearchView.xib in Resources */,
				3AE9AA9C22F56DB200F09850 /* MeterialSearchResultCell.xib in Resources */,
				3AE9AA8522F52A0A00F09850 /* MeterialPickerView.xib in Resources */,
				A3C5E79522DE36530098F520 /* .swiftlint.yml in Resources */,
				3ABCE66022D9AE2C00F61E46 /* LaunchScreen.storyboard in Resources */,
				3A8550DF22F009450003C584 /* DeveloperContactCell.xib in Resources */,
				3A8550F522F013B00003C584 /* SettingTitleCell.xib in Resources */,
				A3C7BACE22F30FC80067D632 /* NumericKeyboardCollectionViewCell.xib in Resources */,
				3ABCE65D22D9AE2C00F61E46 /* Assets.xcassets in Resources */,
				3ABCE65B22D9AE2B00F61E46 /* Main.storyboard in Resources */,
			);
			runOnlyForDeploymentPostprocessing = 0;
		};
/* End PBXResourcesBuildPhase section */

/* Begin PBXShellScriptBuildPhase section */
		65AD949102A485F2781D4498 /* [CP] Check Pods Manifest.lock */ = {
			isa = PBXShellScriptBuildPhase;
			buildActionMask = 2147483647;
			files = (
			);
			inputFileListPaths = (
			);
			inputPaths = (
				"${PODS_PODFILE_DIR_PATH}/Podfile.lock",
				"${PODS_ROOT}/Manifest.lock",
			);
			name = "[CP] Check Pods Manifest.lock";
			outputFileListPaths = (
			);
			outputPaths = (
				"$(DERIVED_FILE_DIR)/Pods-Amoogye-checkManifestLockResult.txt",
			);
			runOnlyForDeploymentPostprocessing = 0;
			shellPath = /bin/sh;
			shellScript = "diff \"${PODS_PODFILE_DIR_PATH}/Podfile.lock\" \"${PODS_ROOT}/Manifest.lock\" > /dev/null\nif [ $? != 0 ] ; then\n    # print error to STDERR\n    echo \"error: The sandbox is not in sync with the Podfile.lock. Run 'pod install' or update your CocoaPods installation.\" >&2\n    exit 1\nfi\n# This output is used by Xcode 'outputs' to avoid re-running this script phase.\necho \"SUCCESS\" > \"${SCRIPT_OUTPUT_FILE_0}\"\n";
			showEnvVarsInLog = 0;
		};
		A37AE4E6EC6B0DB3FA5C4606 /* [CP] Embed Pods Frameworks */ = {
			isa = PBXShellScriptBuildPhase;
			buildActionMask = 2147483647;
			files = (
			);
			inputFileListPaths = (
				"${PODS_ROOT}/Target Support Files/Pods-Amoogye/Pods-Amoogye-frameworks-${CONFIGURATION}-input-files.xcfilelist",
			);
			name = "[CP] Embed Pods Frameworks";
			outputFileListPaths = (
				"${PODS_ROOT}/Target Support Files/Pods-Amoogye/Pods-Amoogye-frameworks-${CONFIGURATION}-output-files.xcfilelist",
			);
			runOnlyForDeploymentPostprocessing = 0;
			shellPath = /bin/sh;
			shellScript = "\"${PODS_ROOT}/Target Support Files/Pods-Amoogye/Pods-Amoogye-frameworks.sh\"\n";
			showEnvVarsInLog = 0;
		};
		A3C5E79322DE359D0098F520 /* ShellScript */ = {
			isa = PBXShellScriptBuildPhase;
			buildActionMask = 2147483647;
			files = (
			);
			inputFileListPaths = (
			);
			inputPaths = (
			);
			outputFileListPaths = (
			);
			outputPaths = (
			);
			runOnlyForDeploymentPostprocessing = 0;
			shellPath = /bin/sh;
			shellScript = "# Type a script or drag a script file from your workspace to insert its path.\n${PODS_ROOT}/SwiftLint/swiftlint autocorrect\n";
		};
/* End PBXShellScriptBuildPhase section */

/* Begin PBXSourcesBuildPhase section */
		3ABCE64E22D9AE2B00F61E46 /* Sources */ = {
			isa = PBXSourcesBuildPhase;
			buildActionMask = 2147483647;
			files = (
				3A8550BE22E9C1B10003C584 /* SettingViewController.swift in Sources */,
				3AE9AAAE22F6E53B00F09850 /* CustomTextField.swift in Sources */,
				A3B6899222FFF8E4002FB31D /* MeasuringTool.swift in Sources */,
				3AE9AAA522F6D87A00F09850 /* SearchView.swift in Sources */,
				3A8550F422F013B00003C584 /* SettingTitleCell.swift in Sources */,
				3A8550F122F00CFF0003C584 /* MeasuringToolTableViewCell.swift in Sources */,
				3A8550E722F00AF30003C584 /* CompleteNewToolViewController.swift in Sources */,
				3A8550BC22E9C1A40003C584 /* MeasuringToolViewController.swift in Sources */,
				3AE9AAB122F8611B00F09850 /* Colors.swift in Sources */,
				3A8550E522F00AF30003C584 /* SetToolForNewToolViewController.swift in Sources */,
				3A8550C422EEF5F40003C584 /* CalculatorMeasuringTipViewController.swift in Sources */,
				A3C7BAF922F6DEE40067D632 /* RMMeausringTool.swift in Sources */,
				3AE9AAA722F6D9AB00F09850 /* PickerView.swift in Sources */,
				3ABCE65822D9AE2B00F61E46 /* CalculatorViewController.swift in Sources */,
				3AE9AAB522FAC17900F09850 /* TimerProgressViewController.swift in Sources */,
				A3C7BACD22F30FC80067D632 /* NumericKeyboardCollectionViewCell.swift in Sources */,
				3A8550BA22E9C16D0003C584 /* TimerSettingViewController.swift in Sources */,
				3A8550DE22F009450003C584 /* DeveloperContactCell.swift in Sources */,
				3AE9AA9B22F56DB200F09850 /* MeterialSearchResultCell.swift in Sources */,
				3ABCE65622D9AE2B00F61E46 /* AppDelegate.swift in Sources */,
				3AE9AA9622F5670100F09850 /* MeterialSearchView.swift in Sources */,
				3A8550E922F00AF30003C584 /* GetCountForNewToolViewController.swift in Sources */,
				A3C7BAF022F58AFF0067D632 /* MeasuringToolManager.swift in Sources */,
				3AE9AAAC22F6DE1200F09850 /* TimerModel.swift in Sources */,
				A3B6899422FFF908002FB31D /* MeasuringUnit.swift in Sources */,
				A3B6897522FC87CB002FB31D /* SwinjectStoryboard+Setup.swift in Sources */,
				A3B6899622FFFA90002FB31D /* RMMeasuringUnit.swift in Sources */,
				3A8550E822F00AF30003C584 /* SetNameForNewToolViewController.swift in Sources */,
				3AE9AA8322F529B700F09850 /* MeterialPickerView.swift in Sources */,
				3AE9AAB322F98A4900F09850 /* CustomTextfieldManager.swift in Sources */,
				3A8550DA22F007650003C584 /* OnOffCell.swift in Sources */,
				A3C7BAFB22F6EA170067D632 /* RMMeasuringToolManager.swift in Sources */,
			);
			runOnlyForDeploymentPostprocessing = 0;
		};
/* End PBXSourcesBuildPhase section */

/* Begin PBXVariantGroup section */
		3ABCE65922D9AE2B00F61E46 /* Main.storyboard */ = {
			isa = PBXVariantGroup;
			children = (
				3ABCE65A22D9AE2B00F61E46 /* Base */,
			);
			name = Main.storyboard;
			sourceTree = "<group>";
		};
		3ABCE65E22D9AE2C00F61E46 /* LaunchScreen.storyboard */ = {
			isa = PBXVariantGroup;
			children = (
				3ABCE65F22D9AE2C00F61E46 /* Base */,
			);
			name = LaunchScreen.storyboard;
			sourceTree = "<group>";
		};
/* End PBXVariantGroup section */

/* Begin XCBuildConfiguration section */
		3ABCE66222D9AE2C00F61E46 /* Debug */ = {
			isa = XCBuildConfiguration;
			buildSettings = {
				ALWAYS_SEARCH_USER_PATHS = NO;
				CLANG_ANALYZER_NONNULL = YES;
				CLANG_ANALYZER_NUMBER_OBJECT_CONVERSION = YES_AGGRESSIVE;
				CLANG_CXX_LANGUAGE_STANDARD = "gnu++14";
				CLANG_CXX_LIBRARY = "libc++";
				CLANG_ENABLE_MODULES = YES;
				CLANG_ENABLE_OBJC_ARC = YES;
				CLANG_ENABLE_OBJC_WEAK = YES;
				CLANG_WARN_BLOCK_CAPTURE_AUTORELEASING = YES;
				CLANG_WARN_BOOL_CONVERSION = YES;
				CLANG_WARN_COMMA = YES;
				CLANG_WARN_CONSTANT_CONVERSION = YES;
				CLANG_WARN_DEPRECATED_OBJC_IMPLEMENTATIONS = YES;
				CLANG_WARN_DIRECT_OBJC_ISA_USAGE = YES_ERROR;
				CLANG_WARN_DOCUMENTATION_COMMENTS = YES;
				CLANG_WARN_EMPTY_BODY = YES;
				CLANG_WARN_ENUM_CONVERSION = YES;
				CLANG_WARN_INFINITE_RECURSION = YES;
				CLANG_WARN_INT_CONVERSION = YES;
				CLANG_WARN_NON_LITERAL_NULL_CONVERSION = YES;
				CLANG_WARN_OBJC_IMPLICIT_RETAIN_SELF = YES;
				CLANG_WARN_OBJC_LITERAL_CONVERSION = YES;
				CLANG_WARN_OBJC_ROOT_CLASS = YES_ERROR;
				CLANG_WARN_RANGE_LOOP_ANALYSIS = YES;
				CLANG_WARN_STRICT_PROTOTYPES = YES;
				CLANG_WARN_SUSPICIOUS_MOVE = YES;
				CLANG_WARN_UNGUARDED_AVAILABILITY = YES_AGGRESSIVE;
				CLANG_WARN_UNREACHABLE_CODE = YES;
				CLANG_WARN__DUPLICATE_METHOD_MATCH = YES;
				CODE_SIGN_IDENTITY = "iPhone Developer";
				COPY_PHASE_STRIP = NO;
				DEBUG_INFORMATION_FORMAT = dwarf;
				ENABLE_STRICT_OBJC_MSGSEND = YES;
				ENABLE_TESTABILITY = YES;
				GCC_C_LANGUAGE_STANDARD = gnu11;
				GCC_DYNAMIC_NO_PIC = NO;
				GCC_NO_COMMON_BLOCKS = YES;
				GCC_OPTIMIZATION_LEVEL = 0;
				GCC_PREPROCESSOR_DEFINITIONS = (
					"DEBUG=1",
					"$(inherited)",
				);
				GCC_WARN_64_TO_32_BIT_CONVERSION = YES;
				GCC_WARN_ABOUT_RETURN_TYPE = YES_ERROR;
				GCC_WARN_UNDECLARED_SELECTOR = YES;
				GCC_WARN_UNINITIALIZED_AUTOS = YES_AGGRESSIVE;
				GCC_WARN_UNUSED_FUNCTION = YES;
				GCC_WARN_UNUSED_VARIABLE = YES;
				IPHONEOS_DEPLOYMENT_TARGET = 12.2;
				MTL_ENABLE_DEBUG_INFO = INCLUDE_SOURCE;
				MTL_FAST_MATH = YES;
				ONLY_ACTIVE_ARCH = YES;
				SDKROOT = iphoneos;
				SWIFT_ACTIVE_COMPILATION_CONDITIONS = DEBUG;
				SWIFT_OPTIMIZATION_LEVEL = "-Onone";
			};
			name = Debug;
		};
		3ABCE66322D9AE2C00F61E46 /* Release */ = {
			isa = XCBuildConfiguration;
			buildSettings = {
				ALWAYS_SEARCH_USER_PATHS = NO;
				CLANG_ANALYZER_NONNULL = YES;
				CLANG_ANALYZER_NUMBER_OBJECT_CONVERSION = YES_AGGRESSIVE;
				CLANG_CXX_LANGUAGE_STANDARD = "gnu++14";
				CLANG_CXX_LIBRARY = "libc++";
				CLANG_ENABLE_MODULES = YES;
				CLANG_ENABLE_OBJC_ARC = YES;
				CLANG_ENABLE_OBJC_WEAK = YES;
				CLANG_WARN_BLOCK_CAPTURE_AUTORELEASING = YES;
				CLANG_WARN_BOOL_CONVERSION = YES;
				CLANG_WARN_COMMA = YES;
				CLANG_WARN_CONSTANT_CONVERSION = YES;
				CLANG_WARN_DEPRECATED_OBJC_IMPLEMENTATIONS = YES;
				CLANG_WARN_DIRECT_OBJC_ISA_USAGE = YES_ERROR;
				CLANG_WARN_DOCUMENTATION_COMMENTS = YES;
				CLANG_WARN_EMPTY_BODY = YES;
				CLANG_WARN_ENUM_CONVERSION = YES;
				CLANG_WARN_INFINITE_RECURSION = YES;
				CLANG_WARN_INT_CONVERSION = YES;
				CLANG_WARN_NON_LITERAL_NULL_CONVERSION = YES;
				CLANG_WARN_OBJC_IMPLICIT_RETAIN_SELF = YES;
				CLANG_WARN_OBJC_LITERAL_CONVERSION = YES;
				CLANG_WARN_OBJC_ROOT_CLASS = YES_ERROR;
				CLANG_WARN_RANGE_LOOP_ANALYSIS = YES;
				CLANG_WARN_STRICT_PROTOTYPES = YES;
				CLANG_WARN_SUSPICIOUS_MOVE = YES;
				CLANG_WARN_UNGUARDED_AVAILABILITY = YES_AGGRESSIVE;
				CLANG_WARN_UNREACHABLE_CODE = YES;
				CLANG_WARN__DUPLICATE_METHOD_MATCH = YES;
				CODE_SIGN_IDENTITY = "iPhone Developer";
				COPY_PHASE_STRIP = NO;
				DEBUG_INFORMATION_FORMAT = "dwarf-with-dsym";
				ENABLE_NS_ASSERTIONS = NO;
				ENABLE_STRICT_OBJC_MSGSEND = YES;
				GCC_C_LANGUAGE_STANDARD = gnu11;
				GCC_NO_COMMON_BLOCKS = YES;
				GCC_WARN_64_TO_32_BIT_CONVERSION = YES;
				GCC_WARN_ABOUT_RETURN_TYPE = YES_ERROR;
				GCC_WARN_UNDECLARED_SELECTOR = YES;
				GCC_WARN_UNINITIALIZED_AUTOS = YES_AGGRESSIVE;
				GCC_WARN_UNUSED_FUNCTION = YES;
				GCC_WARN_UNUSED_VARIABLE = YES;
				IPHONEOS_DEPLOYMENT_TARGET = 12.2;
				MTL_ENABLE_DEBUG_INFO = NO;
				MTL_FAST_MATH = YES;
				SDKROOT = iphoneos;
				SWIFT_COMPILATION_MODE = wholemodule;
				SWIFT_OPTIMIZATION_LEVEL = "-O";
				VALIDATE_PRODUCT = YES;
			};
			name = Release;
		};
		3ABCE66522D9AE2C00F61E46 /* Debug */ = {
			isa = XCBuildConfiguration;
			baseConfigurationReference = FF1B1192416A93293D91C594 /* Pods-Amoogye.debug.xcconfig */;
			buildSettings = {
				ASSETCATALOG_COMPILER_APPICON_NAME = AppIcon;
				CODE_SIGN_STYLE = Automatic;
				DEVELOPMENT_TEAM = 4PFQJNQ37T;
				INFOPLIST_FILE = Amoogye/Info.plist;
				LD_RUNPATH_SEARCH_PATHS = (
					"$(inherited)",
					"@executable_path/Frameworks",
				);
				PRODUCT_BUNDLE_IDENTIFIER = Nexters.Kookkook.Amoogye;
				PRODUCT_NAME = "$(TARGET_NAME)";
				SWIFT_VERSION = 5.0;
				TARGETED_DEVICE_FAMILY = "1,2";
			};
			name = Debug;
		};
		3ABCE66622D9AE2C00F61E46 /* Release */ = {
			isa = XCBuildConfiguration;
			baseConfigurationReference = 5D0791F43C10572A5D0191EE /* Pods-Amoogye.release.xcconfig */;
			buildSettings = {
				ASSETCATALOG_COMPILER_APPICON_NAME = AppIcon;
				CODE_SIGN_STYLE = Automatic;
				DEVELOPMENT_TEAM = 4PFQJNQ37T;
				INFOPLIST_FILE = Amoogye/Info.plist;
				LD_RUNPATH_SEARCH_PATHS = (
					"$(inherited)",
					"@executable_path/Frameworks",
				);
				PRODUCT_BUNDLE_IDENTIFIER = Nexters.Kookkook.Amoogye;
				PRODUCT_NAME = "$(TARGET_NAME)";
				SWIFT_VERSION = 5.0;
				TARGETED_DEVICE_FAMILY = "1,2";
			};
			name = Release;
		};
/* End XCBuildConfiguration section */

/* Begin XCConfigurationList section */
		3ABCE64D22D9AE2B00F61E46 /* Build configuration list for PBXProject "Amoogye" */ = {
			isa = XCConfigurationList;
			buildConfigurations = (
				3ABCE66222D9AE2C00F61E46 /* Debug */,
				3ABCE66322D9AE2C00F61E46 /* Release */,
			);
			defaultConfigurationIsVisible = 0;
			defaultConfigurationName = Release;
		};
		3ABCE66422D9AE2C00F61E46 /* Build configuration list for PBXNativeTarget "Amoogye" */ = {
			isa = XCConfigurationList;
			buildConfigurations = (
				3ABCE66522D9AE2C00F61E46 /* Debug */,
				3ABCE66622D9AE2C00F61E46 /* Release */,
			);
			defaultConfigurationIsVisible = 0;
			defaultConfigurationName = Release;
		};
/* End XCConfigurationList section */
	};
	rootObject = 3ABCE64A22D9AE2B00F61E46 /* Project object */;
}
